
Microsoft Visual Studio Solution File, Format Version 12.00
# Visual Studio Version 17
VisualStudioVersion = 17.14.36429.23 d17.14
MinimumVisualStudioVersion = 10.0.40219.1
Project("{FAE04EC0-301F-11D3-BF4B-00C04F79EFBC}") = "WebEBackend", "WebEBackend\WebEBackend.csproj", "{09E60920-FBB6-493D-AF5B-8A0AFF7C302B}"
EndProject
Global
	GlobalSection(SolutionConfigurationPlatforms) = preSolution
		Debug|Any CPU = Debug|Any CPU
		Release|Any CPU = Release|Any CPU
	EndGlobalSection
	GlobalSection(ProjectConfigurationPlatforms) = postSolution
		{09E60920-FBB6-493D-AF5B-8A0AFF7C302B}.Debug|Any CPU.ActiveCfg = Debug|Any CPU
		{09E60920-FBB6-493D-AF5B-8A0AFF7C302B}.Debug|Any CPU.Build.0 = Debug|Any CPU
		{09E60920-FBB6-493D-AF5B-8A0AFF7C302B}.Release|Any CPU.ActiveCfg = Release|Any CPU
		{09E60920-FBB6-493D-AF5B-8A0AFF7C302B}.Release|Any CPU.Build.0 = Release|Any CPU
	EndGlobalSection
	GlobalSection(SolutionProperties) = preSolution
		HideSolutionNode = FALSE
	EndGlobalSection
	GlobalSection(ExtensibilityGlobals) = postSolution
		SolutionGuid = {1FDB6178-661F-4D76-9ECD-C31B9640067A}
	EndGlobalSection
EndGlobal
